# @generated - this file is auto-generated by `mise lock` https://mise.jdx.dev/dev-tools/mise-lock.html

lockfile_version = 1

[[tools.dotnet]]
version = "10.0.400"
backend = "core:dotnet"
specifiers = ["10.0.400"]

[[tools."github:DioxusLabs/dioxus"]]
version = "0.7.10"
backend = "github:DioxusLabs/dioxus"
specifiers = ["0.7.10"]

[tools."github:DioxusLabs/dioxus".options]
matching = "dx-"

[tools."github:DioxusLabs/dioxus"."platforms.windows-x64"]
checksum = "sha256:45eb4f87b7f86fdba8508ee7e0ef1f9e13cf8f2ffcc6a2d5858d0e8ea7dd1531"
url = "https://github.com/DioxusLabs/dioxus/releases/download/v0.7.10/dx-x86_64-pc-windows-msvc.zip"
url_api = "https://api.github.com/repos/DioxusLabs/dioxus/releases/assets/496021123"

[[tools.just]]
version = "1.58.0"
backend = "aqua:casey/just"
specifiers = ["1.58.0"]

[tools.just."platforms.windows-x64"]
checksum = "sha256:759f16fb7aa17c5c8b9594b6d4a8c1a6630dfd042cf2b3ff84841454d3d188dc"
url = "https://github.com/casey/just/releases/download/1.58.0/just-1.58.0-x86_64-pc-windows-msvc.zip"
url_api = "https://api.github.com/repos/casey/just/releases/assets/500511374"

[[tools.node]]
version = "24.18.0"
backend = "core:node"
specifiers = ["24.18.0"]

[tools.node."platforms.windows-x64"]
checksum = "sha256:0ae68406b42d7725661da979b1403ec9926da205c6770827f33aac9d8f26e821"
url = "https://nodejs.org/dist/v24.18.0/node-v24.18.0-win-x64.zip"

[[tools.pnpm]]
version = "11.10.0"
backend = "aqua:pnpm/pnpm"
specifiers = ["11.10.0"]

[tools.pnpm."platforms.windows-x64"]
checksum = "sha256:bb25e88285354cd2510a481859e5695b68f5def16f22e4ffb7aa76a87af4f700"
url = "https://github.com/pnpm/pnpm/releases/download/v11.10.0/pnpm-win32-x64.zip"
url_api = "https://api.github.com/repos/pnpm/pnpm/releases/assets/466571521"
provenance = "github-attestations"

[[tools.powershell]]
version = "7.6.5"
backend = "aqua:PowerShell/PowerShell"
specifiers = ["7.6.5"]

[tools.powershell."platforms.windows-x64"]
checksum = "sha256:32eb8f6cdce08f86e987d625a2733e54ac3e289ae7e1621b14c0b5bcec2434ea"
url = "https://github.com/PowerShell/PowerShell/releases/download/v7.6.5/PowerShell-7.6.5-win-x64.zip"
url_api = "https://api.github.com/repos/PowerShell/PowerShell/releases/assets/514628305"

[[tools.rust]]
version = "1.98.1"
backend = "core:rust"
specifiers = ["1.98.1"]

[tools.rust.options]
components = "clippy,rustfmt"
